
Microsoft Visual Studio Solution File, Format Version 12.00
# Visual Studio 15
VisualStudioVersion = 15.0.28010.2026
MinimumVisualStudioVersion = 10.0.40219.1
Project("{FAE04EC0-301F-11D3-BF4B-00C04F79EFBC}") = "GeneracionInvitaciones", "GeneracionInvitaciones\GeneracionInvitaciones.csproj", "{423E77B3-4F5F-4374-AFBD-71A035940569}"
EndProject
Global
	GlobalSection(SolutionConfigurationPlatforms) = preSolution
		Debug|Any CPU = Debug|Any CPU
		Release|Any CPU = Release|Any CPU
	EndGlobalSection
	GlobalSection(ProjectConfigurationPlatforms) = postSolution
		{423E77B3-4F5F-4374-AFBD-71A035940569}.Debug|Any CPU.ActiveCfg = Debug|Any CPU
		{423E77B3-4F5F-4374-AFBD-71A035940569}.Debug|Any CPU.Build.0 = Debug|Any CPU
		{423E77B3-4F5F-4374-AFBD-71A035940569}.Release|Any CPU.ActiveCfg = Release|Any CPU
		{423E77B3-4F5F-4374-AFBD-71A035940569}.Release|Any CPU.Build.0 = Release|Any CPU
	EndGlobalSection
	GlobalSection(SolutionProperties) = preSolution
		HideSolutionNode = FALSE
	EndGlobalSection
	GlobalSection(ExtensibilityGlobals) = postSolution
		SolutionGuid = {E24838E5-A809-4FFD-8889-EEAE31F1716A}
	EndGlobalSection
EndGlobal
